
Microsoft Visual Studio Solution File, Format Version 12.00
# Visual Studio Version 17
VisualStudioVersion = 17.3.32811.315
MinimumVisualStudioVersion = 10.0.40219.1
Project("{FAE04EC0-301F-11D3-BF4B-00C04F79EFBC}") = "vlissides-bibliotheque", "vlissides-bibliotheque\vlissides-bibliotheque.csproj", "{58DDE5F7-CED8-4A18-9388-B1B69CFFBB29}"
EndProject
Global
	GlobalSection(SolutionConfigurationPlatforms) = preSolution
		Debug|Any CPU = Debug|Any CPU
		Release|Any CPU = Release|Any CPU
	EndGlobalSection
	GlobalSection(ProjectConfigurationPlatforms) = postSolution
		{58DDE5F7-CED8-4A18-9388-B1B69CFFBB29}.Debug|Any CPU.ActiveCfg = Debug|Any CPU
		{58DDE5F7-CED8-4A18-9388-B1B69CFFBB29}.Debug|Any CPU.Build.0 = Debug|Any CPU
		{58DDE5F7-CED8-4A18-9388-B1B69CFFBB29}.Release|Any CPU.ActiveCfg = Release|Any CPU
		{58DDE5F7-CED8-4A18-9388-B1B69CFFBB29}.Release|Any CPU.Build.0 = Release|Any CPU
	EndGlobalSection
	GlobalSection(SolutionProperties) = preSolution
		HideSolutionNode = FALSE
	EndGlobalSection
	GlobalSection(ExtensibilityGlobals) = postSolution
		SolutionGuid = {A3D0BE05-AAD2-4B4E-B615-51A85319C054}
	EndGlobalSection
EndGlobal
